
Microsoft Visual Studio Solution File, Format Version 12.00
# Visual Studio Version 17
VisualStudioVersion = 17.1.32407.343
MinimumVisualStudioVersion = 10.0.40219.1
Project("{FAE04EC0-301F-11D3-BF4B-00C04F79EFBC}") = "01_AbstractFactoryDesignPattern", "01_AbstractFactoryDesignPattern\01_AbstractFactoryDesignPattern.csproj", "{42731D2C-C6CF-48E9-A52B-FAFB0E06BC55}"
EndProject
Global
	GlobalSection(SolutionConfigurationPlatforms) = preSolution
		Debug|Any CPU = Debug|Any CPU
		Release|Any CPU = Release|Any CPU
	EndGlobalSection
	GlobalSection(ProjectConfigurationPlatforms) = postSolution
		{42731D2C-C6CF-48E9-A52B-FAFB0E06BC55}.Debug|Any CPU.ActiveCfg = Debug|Any CPU
		{42731D2C-C6CF-48E9-A52B-FAFB0E06BC55}.Debug|Any CPU.Build.0 = Debug|Any CPU
		{42731D2C-C6CF-48E9-A52B-FAFB0E06BC55}.Release|Any CPU.ActiveCfg = Release|Any CPU
		{42731D2C-C6CF-48E9-A52B-FAFB0E06BC55}.Release|Any CPU.Build.0 = Release|Any CPU
	EndGlobalSection
	GlobalSection(SolutionProperties) = preSolution
		HideSolutionNode = FALSE
	EndGlobalSection
	GlobalSection(ExtensibilityGlobals) = postSolution
		SolutionGuid = {111B30CC-E007-440B-851B-D102EE908974}
	EndGlobalSection
EndGlobal
